
Microsoft Visual Studio Solution File, Format Version 12.00
# Visual Studio Version 17
VisualStudioVersion = 17.6.33801.468
MinimumVisualStudioVersion = 10.0.40219.1
Project("{FAE04EC0-301F-11D3-BF4B-00C04F79EFBC}") = "Task3", "Task3.csproj", "{BDE5DCD0-7BF6-4567-AAEC-66915AB6CB31}"
EndProject
Global
	GlobalSection(SolutionConfigurationPlatforms) = preSolution
		Debug|Any CPU = Debug|Any CPU
		Release|Any CPU = Release|Any CPU
	EndGlobalSection
	GlobalSection(ProjectConfigurationPlatforms) = postSolution
		{BDE5DCD0-7BF6-4567-AAEC-66915AB6CB31}.Debug|Any CPU.ActiveCfg = Debug|Any CPU
		{BDE5DCD0-7BF6-4567-AAEC-66915AB6CB31}.Debug|Any CPU.Build.0 = Debug|Any CPU
		{BDE5DCD0-7BF6-4567-AAEC-66915AB6CB31}.Release|Any CPU.ActiveCfg = Release|Any CPU
		{BDE5DCD0-7BF6-4567-AAEC-66915AB6CB31}.Release|Any CPU.Build.0 = Release|Any CPU
	EndGlobalSection
	GlobalSection(SolutionProperties) = preSolution
		HideSolutionNode = FALSE
	EndGlobalSection
	GlobalSection(ExtensibilityGlobals) = postSolution
		SolutionGuid = {22DB182E-8FD3-49CA-8273-53F3D2BB0C40}
	EndGlobalSection
EndGlobal
